
Microsoft Visual Studio Solution File, Format Version 12.00
# Visual Studio Version 16
VisualStudioVersion = 16.0.30907.101
MinimumVisualStudioVersion = 10.0.40219.1
Project("{FAE04EC0-301F-11D3-BF4B-00C04F79EFBC}") = "StringManipulation", "StringManipulation\StringManipulation.csproj", "{AC756F42-2925-4069-AD0E-3FC4C9EB1FDC}"
EndProject
Global
	GlobalSection(SolutionConfigurationPlatforms) = preSolution
		Debug|Any CPU = Debug|Any CPU
		Release|Any CPU = Release|Any CPU
	EndGlobalSection
	GlobalSection(ProjectConfigurationPlatforms) = postSolution
		{AC756F42-2925-4069-AD0E-3FC4C9EB1FDC}.Debug|Any CPU.ActiveCfg = Debug|Any CPU
		{AC756F42-2925-4069-AD0E-3FC4C9EB1FDC}.Debug|Any CPU.Build.0 = Debug|Any CPU
		{AC756F42-2925-4069-AD0E-3FC4C9EB1FDC}.Release|Any CPU.ActiveCfg = Release|Any CPU
		{AC756F42-2925-4069-AD0E-3FC4C9EB1FDC}.Release|Any CPU.Build.0 = Release|Any CPU
	EndGlobalSection
	GlobalSection(SolutionProperties) = preSolution
		HideSolutionNode = FALSE
	EndGlobalSection
	GlobalSection(ExtensibilityGlobals) = postSolution
		SolutionGuid = {EBE8E45E-B12F-404A-B6C9-9963C9CB5448}
	EndGlobalSection
EndGlobal
